
Microsoft Visual Studio Solution File, Format Version 12.00
# Visual Studio Version 16
VisualStudioVersion = 16.0.29911.84
MinimumVisualStudioVersion = 10.0.40219.1
Project("{FAE04EC0-301F-11D3-BF4B-00C04F79EFBC}") = "SingleResponsibilityPrinciple", "DesignPrinciples\SingleResponsibilityPrinciple.csproj", "{648FB406-964F-42BB-8797-4152A883AA96}"
EndProject
Project("{FAE04EC0-301F-11D3-BF4B-00C04F79EFBC}") = "InterfaceSegregationPrinciple", "InterfaceSegregationPrinciple\InterfaceSegregationPrinciple.csproj", "{E6EAF7D7-BD84-4078-97A3-2672BE8934A5}"
EndProject
Project("{FAE04EC0-301F-11D3-BF4B-00C04F79EFBC}") = "OpenClosedPrinciple", "OpenClosedPrinciple\OpenClosedPrinciple.csproj", "{34B080F7-A7E8-4864-A435-6FB977E90143}"
EndProject
Project("{FAE04EC0-301F-11D3-BF4B-00C04F79EFBC}") = "LiskovSubstitutionPrinciple", "LiskovSubstitutionPrinciple\LiskovSubstitutionPrinciple.csproj", "{B33677D1-CE31-4E01-B817-388794D48C00}"
EndProject
Global
	GlobalSection(SolutionConfigurationPlatforms) = preSolution
		Debug|Any CPU = Debug|Any CPU
		Release|Any CPU = Release|Any CPU
	EndGlobalSection
	GlobalSection(ProjectConfigurationPlatforms) = postSolution
		{648FB406-964F-42BB-8797-4152A883AA96}.Debug|Any CPU.ActiveCfg = Debug|Any CPU
		{648FB406-964F-42BB-8797-4152A883AA96}.Debug|Any CPU.Build.0 = Debug|Any CPU
		{648FB406-964F-42BB-8797-4152A883AA96}.Release|Any CPU.ActiveCfg = Release|Any CPU
		{648FB406-964F-42BB-8797-4152A883AA96}.Release|Any CPU.Build.0 = Release|Any CPU
		{E6EAF7D7-BD84-4078-97A3-2672BE8934A5}.Debug|Any CPU.ActiveCfg = Debug|Any CPU
		{E6EAF7D7-BD84-4078-97A3-2672BE8934A5}.Debug|Any CPU.Build.0 = Debug|Any CPU
		{E6EAF7D7-BD84-4078-97A3-2672BE8934A5}.Release|Any CPU.ActiveCfg = Release|Any CPU
		{E6EAF7D7-BD84-4078-97A3-2672BE8934A5}.Release|Any CPU.Build.0 = Release|Any CPU
		{34B080F7-A7E8-4864-A435-6FB977E90143}.Debug|Any CPU.ActiveCfg = Debug|Any CPU
		{34B080F7-A7E8-4864-A435-6FB977E90143}.Debug|Any CPU.Build.0 = Debug|Any CPU
		{34B080F7-A7E8-4864-A435-6FB977E90143}.Release|Any CPU.ActiveCfg = Release|Any CPU
		{34B080F7-A7E8-4864-A435-6FB977E90143}.Release|Any CPU.Build.0 = Release|Any CPU
		{B33677D1-CE31-4E01-B817-388794D48C00}.Debug|Any CPU.ActiveCfg = Debug|Any CPU
		{B33677D1-CE31-4E01-B817-388794D48C00}.Debug|Any CPU.Build.0 = Debug|Any CPU
		{B33677D1-CE31-4E01-B817-388794D48C00}.Release|Any CPU.ActiveCfg = Release|Any CPU
		{B33677D1-CE31-4E01-B817-388794D48C00}.Release|Any CPU.Build.0 = Release|Any CPU
	EndGlobalSection
	GlobalSection(SolutionProperties) = preSolution
		HideSolutionNode = FALSE
	EndGlobalSection
	GlobalSection(ExtensibilityGlobals) = postSolution
		SolutionGuid = {65B872FC-F4B5-43B1-A0C3-C2C5631AABCB}
	EndGlobalSection
EndGlobal
